{
  "projects": [
    {
      "projectId": "kb3Kya2pMxe2srmyNSvXg",
      "version": "0.3.0",
      "dependencies": {},
      "lang": "ts",
      "fileLocks": [
        {
          "assetId": "kb3Kya2pMxe2srmyNSvXg",
          "type": "projectCss",
          "checksum": "e1ec850476829c38b0f9b6d4f7ac446a"
        }
      ],
      "codegenVersion": "0.0.1"
    },
    {
      "projectId": "kS7YGZfVr6mU43XDQjXELc",
      "version": "0.15.0",
      "dependencies": {},
      "lang": "ts",
      "fileLocks": [
        {
          "assetId": "kS7YGZfVr6mU43XDQjXELc",
          "type": "projectCss",
          "checksum": "e1ec850476829c38b0f9b6d4f7ac446a"
        }
      ],
      "codegenVersion": "0.0.1"
    },
    {
      "projectId": "9Vr5YWkf3w7jj6SsTcCEta",
      "version": "0.10.0",
      "dependencies": {},
      "lang": "ts",
      "fileLocks": [
        {
          "assetId": "9Vr5YWkf3w7jj6SsTcCEta",
          "type": "projectCss",
          "checksum": "e1ec850476829c38b0f9b6d4f7ac446a"
        }
      ],
      "codegenVersion": "0.0.1"
    },
    {
      "projectId": "jkU633o1Cz7HrJdwdxhVHk",
      "version": "16.10.0",
      "dependencies": {},
      "lang": "ts",
      "fileLocks": [
        {
          "assetId": "jkU633o1Cz7HrJdwdxhVHk",
          "type": "projectCss",
          "checksum": "0581d4378bb1604bb5fe3f65bb0a37de"
        }
      ],
      "codegenVersion": "0.0.1"
    },
    {
      "projectId": "ohDidvG9XsCeFumugENU3J",
      "version": "6.24.0",
      "dependencies": {},
      "lang": "ts",
      "fileLocks": [
        {
          "assetId": "ohDidvG9XsCeFumugENU3J",
          "type": "projectCss",
          "checksum": "fd83b730367fdbde2c69bc6cf31c2a3c"
        },
        {
          "assetId": "ohDidvG9XsCeFumugENU3J",
          "checksum": "de0a0e65174a6a185a8f822af51c6bdd",
          "type": "globalContexts"
        }
      ],
      "codegenVersion": "0.0.1"
    },
    {
      "projectId": "oLi83rWxMNoLfiyypD52cE",
      "version": "latest",
      "dependencies": {
        "ohDidvG9XsCeFumugENU3J": "6.24.0",
        "jkU633o1Cz7HrJdwdxhVHk": "16.10.0",
        "9Vr5YWkf3w7jj6SsTcCEta": "0.10.0",
        "kS7YGZfVr6mU43XDQjXELc": "0.15.0",
        "kb3Kya2pMxe2srmyNSvXg": "0.3.0"
      },
      "lang": "ts",
      "fileLocks": [
        {
          "type": "globalVariant",
          "assetId": "Cyn_x_Uu8w_A",
          "checksum": "430bc8f5e9509f061752271f7d3108ca"
        },
        {
          "assetId": "oLi83rWxMNoLfiyypD52cE",
          "type": "projectCss",
          "checksum": "4a149bad2e0eae2be86e5c3bd9d029fa"
        },
        {
          "assetId": "oLi83rWxMNoLfiyypD52cE",
          "checksum": "cd93c9978a4e9ab560cfc3ac6578b254",
          "type": "globalContexts"
        },
        {
          "type": "renderModule",
          "assetId": "ffLh0DtJjUyK",
          "checksum": "1dcc8a60fe1c41917437bb5cda2ce167"
        },
        {
          "type": "cssRules",
          "assetId": "ffLh0DtJjUyK",
          "checksum": "1dcc8a60fe1c41917437bb5cda2ce167"
        },
        {
          "type": "renderModule",
          "assetId": "p3iXHF17VXVI",
          "checksum": "d7c366a849fba966e2a039c365ba3ae1"
        },
        {
          "type": "cssRules",
          "assetId": "p3iXHF17VXVI",
          "checksum": "d7c366a849fba966e2a039c365ba3ae1"
        },
        {
          "type": "renderModule",
          "assetId": "pioeQ5cs9E1D",
          "checksum": "d239b519e4f82ad785d10d1197d78b97"
        },
        {
          "type": "cssRules",
          "assetId": "pioeQ5cs9E1D",
          "checksum": "d239b519e4f82ad785d10d1197d78b97"
        },
        {
          "type": "renderModule",
          "assetId": "lJH3lUT9Obyr",
          "checksum": "2171315398c598b59d4d088f6935b3ce"
        },
        {
          "type": "cssRules",
          "assetId": "lJH3lUT9Obyr",
          "checksum": "2171315398c598b59d4d088f6935b3ce"
        },
        {
          "type": "renderModule",
          "assetId": "3RDfBVlEVoS6",
          "checksum": "52aa4277833d952010e1f61b10901f08"
        },
        {
          "type": "cssRules",
          "assetId": "3RDfBVlEVoS6",
          "checksum": "52aa4277833d952010e1f61b10901f08"
        },
        {
          "type": "renderModule",
          "assetId": "dpugcrcSWYym",
          "checksum": "37b6aeafde3776258bea874ecd0e7406"
        },
        {
          "type": "cssRules",
          "assetId": "dpugcrcSWYym",
          "checksum": "37b6aeafde3776258bea874ecd0e7406"
        },
        {
          "type": "renderModule",
          "assetId": "rBmD00UpRHjk",
          "checksum": "26ff36d75a16da15ba010c8de56deac8"
        },
        {
          "type": "cssRules",
          "assetId": "rBmD00UpRHjk",
          "checksum": "26ff36d75a16da15ba010c8de56deac8"
        },
        {
          "type": "renderModule",
          "assetId": "5CechyjIE3Nx",
          "checksum": "6621328170a14b21e75d3bf956b9fa69"
        },
        {
          "type": "cssRules",
          "assetId": "5CechyjIE3Nx",
          "checksum": "6621328170a14b21e75d3bf956b9fa69"
        },
        {
          "type": "icon",
          "assetId": "tVPBGuCpElig",
          "checksum": "03aafaefc97bfeb411fd94407404c132"
        },
        {
          "type": "icon",
          "assetId": "Sr0nHQ9SrJDl",
          "checksum": "c1a53add1d7f288e586a7fc673fe80b3"
        },
        {
          "type": "image",
          "assetId": "4jKRnCv9FdVY",
          "checksum": "8552465b71200011fe53a5e4a7c3a22a"
        },
        {
          "type": "image",
          "assetId": "plxTodi3jctS",
          "checksum": "08b0ed4c0f2f94ed266341cbef83ed72"
        },
        {
          "type": "image",
          "assetId": "ePS0eN2xAOjy",
          "checksum": "a64158d4c4617ca00f244b39d4118946"
        },
        {
          "type": "image",
          "assetId": "FfIgxoEgbYTI",
          "checksum": "60ab365c3d936c19a7901fda67c97ad7"
        },
        {
          "type": "image",
          "assetId": "fJu7VXT8kgde",
          "checksum": "e511861cb5850e0f5d0cdfe0498026e6"
        },
        {
          "type": "image",
          "assetId": "EoLSmyHUZw-s",
          "checksum": "649cec902f20f2012974454d21d9a55d"
        },
        {
          "type": "image",
          "assetId": "7fV0CHgRSIzC",
          "checksum": "00674eee930469c66dd461f4b7be7595"
        },
        {
          "type": "image",
          "assetId": "uPYF3Z6brd4L",
          "checksum": "72b3807d2a71692daf90d5e3b6661a30"
        },
        {
          "type": "image",
          "assetId": "H5kEaC_sJggs",
          "checksum": "f36c40e1332931e9980e55e6752b4707"
        },
        {
          "type": "image",
          "assetId": "CsHWPa5lLsBJ",
          "checksum": "9512d66ca0ff1baf077ab0a641599069"
        },
        {
          "type": "image",
          "assetId": "1h9G8TMeQeP9",
          "checksum": "4c74aed747172558fed3801264b2ebc3"
        },
        {
          "type": "image",
          "assetId": "aHFCKoTVrnDv",
          "checksum": "51ec9ec75e472615041101446dff3904"
        },
        {
          "type": "image",
          "assetId": "_ydrwqTJ1vtY",
          "checksum": "ca196343367ffa726e7ad1c94660eb4b"
        },
        {
          "type": "image",
          "assetId": "Nt9c09B4Fr8I",
          "checksum": "66659b8d2a74648399e97189bd35dbd6"
        },
        {
          "type": "image",
          "assetId": "7GmxPsAeGgv9",
          "checksum": "47ecc96b87a176470d2fe9f65769e3f4"
        },
        {
          "type": "image",
          "assetId": "D-nWFWJzEg8P",
          "checksum": "e07cff7e2120b1ead95445ba4fe394a1"
        }
      ],
      "codegenVersion": "0.0.1"
    }
  ],
  "cliVersion": "0.1.330"
}
